
Microsoft Visual Studio Solution File, Format Version 12.00
# Visual Studio 15
VisualStudioVersion = 15.0.28010.2036
MinimumVisualStudioVersion = 10.0.40219.1
Project("{FAE04EC0-301F-11D3-BF4B-00C04F79EFBC}") = "BibliophileApplication", "BibliophileApplication\BibliophileApplication.csproj", "{144AB6CC-7612-4FDA-B494-E8B9AC3A88EE}"
EndProject
Global
	GlobalSection(SolutionConfigurationPlatforms) = preSolution
		Debug|Any CPU = Debug|Any CPU
		Release|Any CPU = Release|Any CPU
	EndGlobalSection
	GlobalSection(ProjectConfigurationPlatforms) = postSolution
		{144AB6CC-7612-4FDA-B494-E8B9AC3A88EE}.Debug|Any CPU.ActiveCfg = Debug|Any CPU
		{144AB6CC-7612-4FDA-B494-E8B9AC3A88EE}.Debug|Any CPU.Build.0 = Debug|Any CPU
		{144AB6CC-7612-4FDA-B494-E8B9AC3A88EE}.Release|Any CPU.ActiveCfg = Release|Any CPU
		{144AB6CC-7612-4FDA-B494-E8B9AC3A88EE}.Release|Any CPU.Build.0 = Release|Any CPU
	EndGlobalSection
	GlobalSection(SolutionProperties) = preSolution
		HideSolutionNode = FALSE
	EndGlobalSection
	GlobalSection(ExtensibilityGlobals) = postSolution
		SolutionGuid = {B95EB072-E2B9-4C70-8935-42CC20904994}
	EndGlobalSection
EndGlobal
